
Microsoft Visual Studio Solution File, Format Version 12.00
# Visual Studio Version 17
VisualStudioVersion = 17.9.34701.34
MinimumVisualStudioVersion = 10.0.40219.1
Project("{FAE04EC0-301F-11D3-BF4B-00C04F79EFBC}") = "Laboratorio01", "Laboratorio01\Laboratorio01.csproj", "{BD7977B0-EA23-431D-94C9-57309215E992}"
EndProject
Global
	GlobalSection(SolutionConfigurationPlatforms) = preSolution
		Debug|Any CPU = Debug|Any CPU
		Release|Any CPU = Release|Any CPU
	EndGlobalSection
	GlobalSection(ProjectConfigurationPlatforms) = postSolution
		{BD7977B0-EA23-431D-94C9-57309215E992}.Debug|Any CPU.ActiveCfg = Debug|Any CPU
		{BD7977B0-EA23-431D-94C9-57309215E992}.Debug|Any CPU.Build.0 = Debug|Any CPU
		{BD7977B0-EA23-431D-94C9-57309215E992}.Release|Any CPU.ActiveCfg = Release|Any CPU
		{BD7977B0-EA23-431D-94C9-57309215E992}.Release|Any CPU.Build.0 = Release|Any CPU
	EndGlobalSection
	GlobalSection(SolutionProperties) = preSolution
		HideSolutionNode = FALSE
	EndGlobalSection
	GlobalSection(ExtensibilityGlobals) = postSolution
		SolutionGuid = {F39FCA83-8220-4EC9-A964-3A9B5E1AFB4C}
	EndGlobalSection
EndGlobal
